
Microsoft Visual Studio Solution File, Format Version 12.00
# Visual Studio Version 17
VisualStudioVersion = 17.3.32825.248
MinimumVisualStudioVersion = 10.0.40219.1
Project("{8BC9CEB8-8B4A-11D0-8D11-00A0C91BC942}") = "ConnectingToDataBase_Stroh", "ConnectingToDataBase_Stroh\ConnectingToDataBase_Stroh.vcxproj", "{D53A12E3-4C84-4D7A-B447-A9024E088B0E}"
EndProject
Global
	GlobalSection(SolutionConfigurationPlatforms) = preSolution
		Debug|x64 = Debug|x64
		Debug|x86 = Debug|x86
		Release|x64 = Release|x64
		Release|x86 = Release|x86
	EndGlobalSection
	GlobalSection(ProjectConfigurationPlatforms) = postSolution
		{D53A12E3-4C84-4D7A-B447-A9024E088B0E}.Debug|x64.ActiveCfg = Debug|x64
		{D53A12E3-4C84-4D7A-B447-A9024E088B0E}.Debug|x64.Build.0 = Debug|x64
		{D53A12E3-4C84-4D7A-B447-A9024E088B0E}.Debug|x86.ActiveCfg = Debug|Win32
		{D53A12E3-4C84-4D7A-B447-A9024E088B0E}.Debug|x86.Build.0 = Debug|Win32
		{D53A12E3-4C84-4D7A-B447-A9024E088B0E}.Release|x64.ActiveCfg = Release|x64
		{D53A12E3-4C84-4D7A-B447-A9024E088B0E}.Release|x64.Build.0 = Release|x64
		{D53A12E3-4C84-4D7A-B447-A9024E088B0E}.Release|x86.ActiveCfg = Release|Win32
		{D53A12E3-4C84-4D7A-B447-A9024E088B0E}.Release|x86.Build.0 = Release|Win32
	EndGlobalSection
	GlobalSection(SolutionProperties) = preSolution
		HideSolutionNode = FALSE
	EndGlobalSection
	GlobalSection(ExtensibilityGlobals) = postSolution
		SolutionGuid = {2586A61E-F853-4D06-8E3D-80802CD00132}
	EndGlobalSection
EndGlobal
